
Microsoft Visual Studio Solution File, Format Version 12.00
# Visual Studio Version 16
VisualStudioVersion = 16.0.31624.102
MinimumVisualStudioVersion = 10.0.40219.1
Project("{FAE04EC0-301F-11D3-BF4B-00C04F79EFBC}") = "Debt", "ClassWork2.10\Debt.csproj", "{1A079BA3-084D-4511-AB51-594A5B4806D3}"
EndProject
Project("{FAE04EC0-301F-11D3-BF4B-00C04F79EFBC}") = "ClassTask2.10", "ClassTask2.10\ClassTask2.10.csproj", "{A6602CD9-C5D9-4A44-8B7E-D51F5D0BBEFC}"
EndProject
Project("{FAE04EC0-301F-11D3-BF4B-00C04F79EFBC}") = "LabWork2.10", "LabWork2.10\LabWork2.10.csproj", "{3058286A-A268-49C3-ABFB-79428D27DE84}"
EndProject
Project("{FAE04EC0-301F-11D3-BF4B-00C04F79EFBC}") = "HomeWork2.10", "HomeWork2.10\HomeWork2.10.csproj", "{BD7B0911-F7EB-4143-A75D-11F42B607709}"
EndProject
Global
	GlobalSection(SolutionConfigurationPlatforms) = preSolution
		Debug|Any CPU = Debug|Any CPU
		Release|Any CPU = Release|Any CPU
	EndGlobalSection
	GlobalSection(ProjectConfigurationPlatforms) = postSolution
		{1A079BA3-084D-4511-AB51-594A5B4806D3}.Debug|Any CPU.ActiveCfg = Debug|Any CPU
		{1A079BA3-084D-4511-AB51-594A5B4806D3}.Debug|Any CPU.Build.0 = Debug|Any CPU
		{1A079BA3-084D-4511-AB51-594A5B4806D3}.Release|Any CPU.ActiveCfg = Release|Any CPU
		{1A079BA3-084D-4511-AB51-594A5B4806D3}.Release|Any CPU.Build.0 = Release|Any CPU
		{A6602CD9-C5D9-4A44-8B7E-D51F5D0BBEFC}.Debug|Any CPU.ActiveCfg = Debug|Any CPU
		{A6602CD9-C5D9-4A44-8B7E-D51F5D0BBEFC}.Debug|Any CPU.Build.0 = Debug|Any CPU
		{A6602CD9-C5D9-4A44-8B7E-D51F5D0BBEFC}.Release|Any CPU.ActiveCfg = Release|Any CPU
		{A6602CD9-C5D9-4A44-8B7E-D51F5D0BBEFC}.Release|Any CPU.Build.0 = Release|Any CPU
		{3058286A-A268-49C3-ABFB-79428D27DE84}.Debug|Any CPU.ActiveCfg = Debug|Any CPU
		{3058286A-A268-49C3-ABFB-79428D27DE84}.Debug|Any CPU.Build.0 = Debug|Any CPU
		{3058286A-A268-49C3-ABFB-79428D27DE84}.Release|Any CPU.ActiveCfg = Release|Any CPU
		{3058286A-A268-49C3-ABFB-79428D27DE84}.Release|Any CPU.Build.0 = Release|Any CPU
		{BD7B0911-F7EB-4143-A75D-11F42B607709}.Debug|Any CPU.ActiveCfg = Debug|Any CPU
		{BD7B0911-F7EB-4143-A75D-11F42B607709}.Debug|Any CPU.Build.0 = Debug|Any CPU
		{BD7B0911-F7EB-4143-A75D-11F42B607709}.Release|Any CPU.ActiveCfg = Release|Any CPU
		{BD7B0911-F7EB-4143-A75D-11F42B607709}.Release|Any CPU.Build.0 = Release|Any CPU
	EndGlobalSection
	GlobalSection(SolutionProperties) = preSolution
		HideSolutionNode = FALSE
	EndGlobalSection
	GlobalSection(ExtensibilityGlobals) = postSolution
		SolutionGuid = {37F911BD-F7D2-41CF-AF4D-C29AB4A8E7B0}
	EndGlobalSection
EndGlobal
